Microsoft Visual Studio Solution File, Format Version 12.00
# Visual Studio Version 17
VisualStudioVersion = 17.5.2.0
MinimumVisualStudioVersion = 10.0.40219.1
Project("{FAE04EC0-301F-11D3-BF4B-00C04F79EFBC}") = "NZ.Anbar.Business", "NZ.Anbar.Business\NZ.Anbar.Business.csproj", "{C428436C-5A71-B638-18B2-7174347BCB21}"
EndProject
Project("{FAE04EC0-301F-11D3-BF4B-00C04F79EFBC}") = "NZ.Anbar.DataLayer", "NZ.Anbar.DataLayer\NZ.Anbar.DataLayer.csproj", "{F3D7E508-F52B-31C2-E6B8-E603EDA63314}"
EndProject
Project("{FAE04EC0-301F-11D3-BF4B-00C04F79EFBC}") = "Nz.Anbar.Model", "Nz.Anbar.Model\Nz.Anbar.Model.csproj", "{40052401-97AB-0F8E-C9F5-9AD7791E5A5F}"
EndProject
Project("{FAE04EC0-301F-11D3-BF4B-00C04F79EFBC}") = "Nz.Anbar.WinForms", "Nz.Anbar.WinForms\Nz.Anbar.WinForms.csproj", "{A4868634-0CFC-1918-4E74-1410A25F28C7}"
EndProject
Global
	GlobalSection(SolutionConfigurationPlatforms) = preSolution
		Debug|Any CPU = Debug|Any CPU
		Release|Any CPU = Release|Any CPU
	EndGlobalSection
	GlobalSection(ProjectConfigurationPlatforms) = postSolution
		{C428436C-5A71-B638-18B2-7174347BCB21}.Debug|Any CPU.ActiveCfg = Debug|Any CPU
		{C428436C-5A71-B638-18B2-7174347BCB21}.Debug|Any CPU.Build.0 = Debug|Any CPU
		{C428436C-5A71-B638-18B2-7174347BCB21}.Release|Any CPU.ActiveCfg = Release|Any CPU
		{C428436C-5A71-B638-18B2-7174347BCB21}.Release|Any CPU.Build.0 = Release|Any CPU
		{F3D7E508-F52B-31C2-E6B8-E603EDA63314}.Debug|Any CPU.ActiveCfg = Debug|Any CPU
		{F3D7E508-F52B-31C2-E6B8-E603EDA63314}.Debug|Any CPU.Build.0 = Debug|Any CPU
		{F3D7E508-F52B-31C2-E6B8-E603EDA63314}.Release|Any CPU.ActiveCfg = Release|Any CPU
		{F3D7E508-F52B-31C2-E6B8-E603EDA63314}.Release|Any CPU.Build.0 = Release|Any CPU
		{40052401-97AB-0F8E-C9F5-9AD7791E5A5F}.Debug|Any CPU.ActiveCfg = Debug|Any CPU
		{40052401-97AB-0F8E-C9F5-9AD7791E5A5F}.Debug|Any CPU.Build.0 = Debug|Any CPU
		{40052401-97AB-0F8E-C9F5-9AD7791E5A5F}.Release|Any CPU.ActiveCfg = Release|Any CPU
		{40052401-97AB-0F8E-C9F5-9AD7791E5A5F}.Release|Any CPU.Build.0 = Release|Any CPU
		{A4868634-0CFC-1918-4E74-1410A25F28C7}.Debug|Any CPU.ActiveCfg = Debug|Any CPU
		{A4868634-0CFC-1918-4E74-1410A25F28C7}.Debug|Any CPU.Build.0 = Debug|Any CPU
		{A4868634-0CFC-1918-4E74-1410A25F28C7}.Release|Any CPU.ActiveCfg = Release|Any CPU
		{A4868634-0CFC-1918-4E74-1410A25F28C7}.Release|Any CPU.Build.0 = Release|Any CPU
	EndGlobalSection
	GlobalSection(SolutionProperties) = preSolution
		HideSolutionNode = FALSE
	EndGlobalSection
	GlobalSection(ExtensibilityGlobals) = postSolution
		SolutionGuid = {95593B55-C07D-4FDC-90C6-6129F99C589A}
	EndGlobalSection
EndGlobal
