
Microsoft Visual Studio Solution File, Format Version 12.00
# Visual Studio Version 17
VisualStudioVersion = 17.1.32210.238
MinimumVisualStudioVersion = 10.0.40219.1
Project("{2150E333-8FDC-42A3-9474-1A3956D46DE8}") = "Anbar", "Anbar", "{C1A93667-9AF1-47F9-BC22-11A3EF539BBF}"
EndProject
Project("{2150E333-8FDC-42A3-9474-1A3956D46DE8}") = "General", "General", "{D45B553D-51F6-494F-BE7F-1CDA2717EF2F}"
EndProject
Project("{FAE04EC0-301F-11D3-BF4B-00C04F79EFBC}") = "NZ.General.DataLayer", "..\..\General\NZ.General.DataLayer\NZ.General.DataLayer.csproj", "{7CD7AFA2-7B7C-4A21-B2F4-1586DA22022B}"
EndProject
Project("{FAE04EC0-301F-11D3-BF4B-00C04F79EFBC}") = "NZ.General.Business", "..\..\General\NZ.General.Business\NZ.General.Business.csproj", "{18E2DE53-F7E3-4DA9-AEB8-E1EC919D4B9B}"
EndProject
Project("{FAE04EC0-301F-11D3-BF4B-00C04F79EFBC}") = "NZ.General.WinForms", "..\..\General\NZ.General.WinForms\NZ.General.WinForms.csproj", "{79123BF7-A7B6-4FF6-88BE-A7810D4FC11C}"
	ProjectSection(ProjectDependencies) = postProject
		{7CD7AFA2-7B7C-4A21-B2F4-1586DA22022B} = {7CD7AFA2-7B7C-4A21-B2F4-1586DA22022B}
	EndProjectSection
EndProject
Project("{FAE04EC0-301F-11D3-BF4B-00C04F79EFBC}") = "ShareLib", "..\..\General\ShareLib\ShareLib.csproj", "{EE295AF7-3238-4F98-B5FC-9F16C02391E8}"
EndProject
Project("{FAE04EC0-301F-11D3-BF4B-00C04F79EFBC}") = "MS_Resource", "..\..\General\MS_Resource\MS_Resource.csproj", "{0DC2A135-5CBD-4912-8305-D2898CF70E85}"
EndProject
Project("{FAE04EC0-301F-11D3-BF4B-00C04F79EFBC}") = "NZ.Resaa.Store", "NZ.Resaa.Store.csproj", "{CD2FEE1A-2307-4F4F-98AD-C709B2E1C7B5}"
EndProject
Project("{2150E333-8FDC-42A3-9474-1A3956D46DE8}") = "Xazane", "Xazane", "{E5DBFBDA-532A-4868-A187-FB073AF58620}"
EndProject
Project("{FAE04EC0-301F-11D3-BF4B-00C04F79EFBC}") = "NZ.Xazane.Model", "..\..\Xazane\NZ.Xazane.Model\NZ.Xazane.Model.csproj", "{B22DFB8E-EF80-4076-8655-16584B4372BA}"
EndProject
Project("{FAE04EC0-301F-11D3-BF4B-00C04F79EFBC}") = "NZ.Xazane.DataLayer", "..\..\Xazane\NZ.Xazane.DataLayer\NZ.Xazane.DataLayer.csproj", "{237E2B58-7518-4F16-9321-E2D6F1391FA2}"
EndProject
Project("{FAE04EC0-301F-11D3-BF4B-00C04F79EFBC}") = "NZ.Xazane.Business", "..\..\Xazane\NZ.Xazane.Business\NZ.Xazane.Business.csproj", "{C9E9FBB9-89AD-43E4-8CAE-8CC683C07123}"
EndProject
Project("{FAE04EC0-301F-11D3-BF4B-00C04F79EFBC}") = "NZ.Xazane.WinForms", "..\..\Xazane\NZ.Xazane.WinForms\NZ.Xazane.WinForms.csproj", "{C1C006F8-7866-44B5-9513-12CABB4912BF}"
	ProjectSection(ProjectDependencies) = postProject
		{237E2B58-7518-4F16-9321-E2D6F1391FA2} = {237E2B58-7518-4F16-9321-E2D6F1391FA2}
	EndProjectSection
EndProject
Project("{FAE04EC0-301F-11D3-BF4B-00C04F79EFBC}") = "NZ.Anbar.DataLayer", "..\..\Anbar\NZ.Anbar.DataLayer\NZ.Anbar.DataLayer.csproj", "{00666EA3-C845-4A03-BEA8-2C8EC67A317E}"
EndProject
Project("{FAE04EC0-301F-11D3-BF4B-00C04F79EFBC}") = "Nz.Anbar.Model", "..\..\Anbar\Nz.Anbar.Model\Nz.Anbar.Model.csproj", "{883F785F-56B0-4C9E-B072-ED0DB1238807}"
EndProject
Project("{FAE04EC0-301F-11D3-BF4B-00C04F79EFBC}") = "Nz.Anbar.WinForms", "..\..\Anbar\Nz.Anbar.WinForms\Nz.Anbar.WinForms.csproj", "{993CBA6F-3776-437A-A837-36069AF26825}"
	ProjectSection(ProjectDependencies) = postProject
		{883F785F-56B0-4C9E-B072-ED0DB1238807} = {883F785F-56B0-4C9E-B072-ED0DB1238807}
		{00666EA3-C845-4A03-BEA8-2C8EC67A317E} = {00666EA3-C845-4A03-BEA8-2C8EC67A317E}
		{45109AF9-E2A5-46DE-8A7F-35834F74054F} = {45109AF9-E2A5-46DE-8A7F-35834F74054F}
	EndProjectSection
EndProject
Project("{FAE04EC0-301F-11D3-BF4B-00C04F79EFBC}") = "NZ.Anbar.Business", "..\..\Anbar\NZ.Anbar.Business\NZ.Anbar.Business.csproj", "{45109AF9-E2A5-46DE-8A7F-35834F74054F}"
EndProject
Project("{FAE04EC0-301F-11D3-BF4B-00C04F79EFBC}") = "MS_Print_Dialog", "..\..\General\MS_Print_Dialog\MS_Print_Dialog.csproj", "{ED81290B-B424-4A06-9589-A45F43C36A59}"
EndProject
Project("{FAE04EC0-301F-11D3-BF4B-00C04F79EFBC}") = "Nz.Alarm", "..\Nz.Alarm\Nz.Alarm.csproj", "{BFEE672B-4E1C-41AF-BC03-C2D02EAD9AAA}"
EndProject
Project("{2150E333-8FDC-42A3-9474-1A3956D46DE8}") = "Migration", "Migration", "{2E9E9525-DDA4-41FB-A838-0143B9A1FD94}"
	ProjectSection(SolutionItems) = preProject
		13981105.sql = 13981105.sql
		Machine.sql = Machine.sql
		Migrations.txt = Migrations.txt
		Register.sql = Register.sql
	EndProjectSection
EndProject
Project("{2150E333-8FDC-42A3-9474-1A3956D46DE8}") = "Bar", "Bar", "{6947894D-962C-4521-898D-28B5D89A81EA}"
EndProject
Project("{FAE04EC0-301F-11D3-BF4B-00C04F79EFBC}") = "Nz.Bar.Model", "..\..\Bar\Nz.Bar.Model\Nz.Bar.Model.csproj", "{E9A6D88A-420F-45D4-A765-C559EB3D6130}"
EndProject
Project("{FAE04EC0-301F-11D3-BF4B-00C04F79EFBC}") = "Nz.Bar.DataLayer", "..\..\Bar\Nz.Bar.DataLayer\Nz.Bar.DataLayer.csproj", "{6993A9E0-7FCB-4D22-8F6C-DB5075035231}"
EndProject
Project("{FAE04EC0-301F-11D3-BF4B-00C04F79EFBC}") = "Nz.Bar.Winforms", "..\..\Bar\Nz.Bar.Winforms\Nz.Bar.Winforms.csproj", "{4B67AE23-8F44-4C56-A063-36A869EE5D1C}"
EndProject
Project("{2150E333-8FDC-42A3-9474-1A3956D46DE8}") = "Machine", "Machine", "{34A7403B-1453-4F6F-A16D-FB238701400F}"
EndProject
Project("{FAE04EC0-301F-11D3-BF4B-00C04F79EFBC}") = "Nz.Machine.DataLayer", "..\..\Machine\Nz.Machine.DataLayer\Nz.Machine.DataLayer.csproj", "{E296328D-C50C-460F-A4B6-03FBADDA34D7}"
EndProject
Project("{FAE04EC0-301F-11D3-BF4B-00C04F79EFBC}") = "Nz.Machine.Model", "..\..\Machine\Nz.Machine.Model\Nz.Machine.Model.csproj", "{61FE1A48-0B98-4411-A591-B3141414706F}"
EndProject
Project("{FAE04EC0-301F-11D3-BF4B-00C04F79EFBC}") = "Nz.Machine.Winforms", "..\..\Machine\Nz.Machine.Winforms\Nz.Machine.Winforms.csproj", "{1533F6F2-B7F6-486B-B29E-1C5DDA7E0E3A}"
EndProject
Project("{FAE04EC0-301F-11D3-BF4B-00C04F79EFBC}") = "Updater", "..\Updater\Updater.csproj", "{B0C58C0E-F5C9-4C9A-8709-1DC7E893FDCE}"
EndProject
Global
	GlobalSection(SolutionConfigurationPlatforms) = preSolution
		Debug|Any CPU = Debug|Any CPU
		Debug|x86 = Debug|x86
		Release|Any CPU = Release|Any CPU
		Release|x86 = Release|x86
	EndGlobalSection
	GlobalSection(ProjectConfigurationPlatforms) = postSolution
		{7CD7AFA2-7B7C-4A21-B2F4-1586DA22022B}.Debug|Any CPU.ActiveCfg = Debug|Any CPU
		{7CD7AFA2-7B7C-4A21-B2F4-1586DA22022B}.Debug|Any CPU.Build.0 = Debug|Any CPU
		{7CD7AFA2-7B7C-4A21-B2F4-1586DA22022B}.Debug|x86.ActiveCfg = Debug|x86
		{7CD7AFA2-7B7C-4A21-B2F4-1586DA22022B}.Debug|x86.Build.0 = Debug|x86
		{7CD7AFA2-7B7C-4A21-B2F4-1586DA22022B}.Release|Any CPU.ActiveCfg = Release|Any CPU
		{7CD7AFA2-7B7C-4A21-B2F4-1586DA22022B}.Release|Any CPU.Build.0 = Release|Any CPU
		{7CD7AFA2-7B7C-4A21-B2F4-1586DA22022B}.Release|x86.ActiveCfg = Release|x86
		{7CD7AFA2-7B7C-4A21-B2F4-1586DA22022B}.Release|x86.Build.0 = Release|x86
		{18E2DE53-F7E3-4DA9-AEB8-E1EC919D4B9B}.Debug|Any CPU.ActiveCfg = Debug|Any CPU
		{18E2DE53-F7E3-4DA9-AEB8-E1EC919D4B9B}.Debug|Any CPU.Build.0 = Debug|Any CPU
		{18E2DE53-F7E3-4DA9-AEB8-E1EC919D4B9B}.Debug|x86.ActiveCfg = Debug|x86
		{18E2DE53-F7E3-4DA9-AEB8-E1EC919D4B9B}.Debug|x86.Build.0 = Debug|x86
		{18E2DE53-F7E3-4DA9-AEB8-E1EC919D4B9B}.Release|Any CPU.ActiveCfg = Release|Any CPU
		{18E2DE53-F7E3-4DA9-AEB8-E1EC919D4B9B}.Release|Any CPU.Build.0 = Release|Any CPU
		{18E2DE53-F7E3-4DA9-AEB8-E1EC919D4B9B}.Release|x86.ActiveCfg = Release|x86
		{18E2DE53-F7E3-4DA9-AEB8-E1EC919D4B9B}.Release|x86.Build.0 = Release|x86
		{79123BF7-A7B6-4FF6-88BE-A7810D4FC11C}.Debug|Any CPU.ActiveCfg = Debug|Any CPU
		{79123BF7-A7B6-4FF6-88BE-A7810D4FC11C}.Debug|Any CPU.Build.0 = Debug|Any CPU
		{79123BF7-A7B6-4FF6-88BE-A7810D4FC11C}.Debug|x86.ActiveCfg = Debug|x86
		{79123BF7-A7B6-4FF6-88BE-A7810D4FC11C}.Debug|x86.Build.0 = Debug|x86
		{79123BF7-A7B6-4FF6-88BE-A7810D4FC11C}.Release|Any CPU.ActiveCfg = Release|Any CPU
		{79123BF7-A7B6-4FF6-88BE-A7810D4FC11C}.Release|Any CPU.Build.0 = Release|Any CPU
		{79123BF7-A7B6-4FF6-88BE-A7810D4FC11C}.Release|x86.ActiveCfg = Release|x86
		{79123BF7-A7B6-4FF6-88BE-A7810D4FC11C}.Release|x86.Build.0 = Release|x86
		{EE295AF7-3238-4F98-B5FC-9F16C02391E8}.Debug|Any CPU.ActiveCfg = Debug|Any CPU
		{EE295AF7-3238-4F98-B5FC-9F16C02391E8}.Debug|Any CPU.Build.0 = Debug|Any CPU
		{EE295AF7-3238-4F98-B5FC-9F16C02391E8}.Debug|x86.ActiveCfg = Debug|x86
		{EE295AF7-3238-4F98-B5FC-9F16C02391E8}.Debug|x86.Build.0 = Debug|x86
		{EE295AF7-3238-4F98-B5FC-9F16C02391E8}.Release|Any CPU.ActiveCfg = Release|Any CPU
		{EE295AF7-3238-4F98-B5FC-9F16C02391E8}.Release|Any CPU.Build.0 = Release|Any CPU
		{EE295AF7-3238-4F98-B5FC-9F16C02391E8}.Release|x86.ActiveCfg = Release|x86
		{EE295AF7-3238-4F98-B5FC-9F16C02391E8}.Release|x86.Build.0 = Release|x86
		{0DC2A135-5CBD-4912-8305-D2898CF70E85}.Debug|Any CPU.ActiveCfg = Debug|Any CPU
		{0DC2A135-5CBD-4912-8305-D2898CF70E85}.Debug|Any CPU.Build.0 = Debug|Any CPU
		{0DC2A135-5CBD-4912-8305-D2898CF70E85}.Debug|x86.ActiveCfg = Debug|x86
		{0DC2A135-5CBD-4912-8305-D2898CF70E85}.Debug|x86.Build.0 = Debug|x86
		{0DC2A135-5CBD-4912-8305-D2898CF70E85}.Release|Any CPU.ActiveCfg = Release|Any CPU
		{0DC2A135-5CBD-4912-8305-D2898CF70E85}.Release|Any CPU.Build.0 = Release|Any CPU
		{0DC2A135-5CBD-4912-8305-D2898CF70E85}.Release|x86.ActiveCfg = Release|x86
		{0DC2A135-5CBD-4912-8305-D2898CF70E85}.Release|x86.Build.0 = Release|x86
		{CD2FEE1A-2307-4F4F-98AD-C709B2E1C7B5}.Debug|Any CPU.ActiveCfg = Debug|Any CPU
		{CD2FEE1A-2307-4F4F-98AD-C709B2E1C7B5}.Debug|Any CPU.Build.0 = Debug|Any CPU
		{CD2FEE1A-2307-4F4F-98AD-C709B2E1C7B5}.Debug|x86.ActiveCfg = Debug|x86
		{CD2FEE1A-2307-4F4F-98AD-C709B2E1C7B5}.Debug|x86.Build.0 = Debug|x86
		{CD2FEE1A-2307-4F4F-98AD-C709B2E1C7B5}.Release|Any CPU.ActiveCfg = Release|Any CPU
		{CD2FEE1A-2307-4F4F-98AD-C709B2E1C7B5}.Release|Any CPU.Build.0 = Release|Any CPU
		{CD2FEE1A-2307-4F4F-98AD-C709B2E1C7B5}.Release|x86.ActiveCfg = Release|x86
		{CD2FEE1A-2307-4F4F-98AD-C709B2E1C7B5}.Release|x86.Build.0 = Release|x86
		{B22DFB8E-EF80-4076-8655-16584B4372BA}.Debug|Any CPU.ActiveCfg = Debug|Any CPU
		{B22DFB8E-EF80-4076-8655-16584B4372BA}.Debug|Any CPU.Build.0 = Debug|Any CPU
		{B22DFB8E-EF80-4076-8655-16584B4372BA}.Debug|x86.ActiveCfg = Debug|x86
		{B22DFB8E-EF80-4076-8655-16584B4372BA}.Debug|x86.Build.0 = Debug|x86
		{B22DFB8E-EF80-4076-8655-16584B4372BA}.Release|Any CPU.ActiveCfg = Release|Any CPU
		{B22DFB8E-EF80-4076-8655-16584B4372BA}.Release|Any CPU.Build.0 = Release|Any CPU
		{B22DFB8E-EF80-4076-8655-16584B4372BA}.Release|x86.ActiveCfg = Release|x86
		{B22DFB8E-EF80-4076-8655-16584B4372BA}.Release|x86.Build.0 = Release|x86
		{237E2B58-7518-4F16-9321-E2D6F1391FA2}.Debug|Any CPU.ActiveCfg = Debug|Any CPU
		{237E2B58-7518-4F16-9321-E2D6F1391FA2}.Debug|Any CPU.Build.0 = Debug|Any CPU
		{237E2B58-7518-4F16-9321-E2D6F1391FA2}.Debug|x86.ActiveCfg = Debug|x86
		{237E2B58-7518-4F16-9321-E2D6F1391FA2}.Debug|x86.Build.0 = Debug|x86
		{237E2B58-7518-4F16-9321-E2D6F1391FA2}.Release|Any CPU.ActiveCfg = Release|Any CPU
		{237E2B58-7518-4F16-9321-E2D6F1391FA2}.Release|Any CPU.Build.0 = Release|Any CPU
		{237E2B58-7518-4F16-9321-E2D6F1391FA2}.Release|x86.ActiveCfg = Release|x86
		{237E2B58-7518-4F16-9321-E2D6F1391FA2}.Release|x86.Build.0 = Release|x86
		{C9E9FBB9-89AD-43E4-8CAE-8CC683C07123}.Debug|Any CPU.ActiveCfg = Debug|Any CPU
		{C9E9FBB9-89AD-43E4-8CAE-8CC683C07123}.Debug|Any CPU.Build.0 = Debug|Any CPU
		{C9E9FBB9-89AD-43E4-8CAE-8CC683C07123}.Debug|x86.ActiveCfg = Debug|x86
		{C9E9FBB9-89AD-43E4-8CAE-8CC683C07123}.Debug|x86.Build.0 = Debug|x86
		{C9E9FBB9-89AD-43E4-8CAE-8CC683C07123}.Release|Any CPU.ActiveCfg = Release|Any CPU
		{C9E9FBB9-89AD-43E4-8CAE-8CC683C07123}.Release|Any CPU.Build.0 = Release|Any CPU
		{C9E9FBB9-89AD-43E4-8CAE-8CC683C07123}.Release|x86.ActiveCfg = Release|x86
		{C9E9FBB9-89AD-43E4-8CAE-8CC683C07123}.Release|x86.Build.0 = Release|x86
		{C1C006F8-7866-44B5-9513-12CABB4912BF}.Debug|Any CPU.ActiveCfg = Debug|Any CPU
		{C1C006F8-7866-44B5-9513-12CABB4912BF}.Debug|Any CPU.Build.0 = Debug|Any CPU
		{C1C006F8-7866-44B5-9513-12CABB4912BF}.Debug|x86.ActiveCfg = Debug|x86
		{C1C006F8-7866-44B5-9513-12CABB4912BF}.Debug|x86.Build.0 = Debug|x86
		{C1C006F8-7866-44B5-9513-12CABB4912BF}.Release|Any CPU.ActiveCfg = Release|Any CPU
		{C1C006F8-7866-44B5-9513-12CABB4912BF}.Release|Any CPU.Build.0 = Release|Any CPU
		{C1C006F8-7866-44B5-9513-12CABB4912BF}.Release|x86.ActiveCfg = Release|x86
		{C1C006F8-7866-44B5-9513-12CABB4912BF}.Release|x86.Build.0 = Release|x86
		{00666EA3-C845-4A03-BEA8-2C8EC67A317E}.Debug|Any CPU.ActiveCfg = Debug|Any CPU
		{00666EA3-C845-4A03-BEA8-2C8EC67A317E}.Debug|Any CPU.Build.0 = Debug|Any CPU
		{00666EA3-C845-4A03-BEA8-2C8EC67A317E}.Debug|x86.ActiveCfg = Debug|x86
		{00666EA3-C845-4A03-BEA8-2C8EC67A317E}.Debug|x86.Build.0 = Debug|x86
		{00666EA3-C845-4A03-BEA8-2C8EC67A317E}.Release|Any CPU.ActiveCfg = Release|Any CPU
		{00666EA3-C845-4A03-BEA8-2C8EC67A317E}.Release|Any CPU.Build.0 = Release|Any CPU
		{00666EA3-C845-4A03-BEA8-2C8EC67A317E}.Release|x86.ActiveCfg = Release|x86
		{00666EA3-C845-4A03-BEA8-2C8EC67A317E}.Release|x86.Build.0 = Release|x86
		{883F785F-56B0-4C9E-B072-ED0DB1238807}.Debug|Any CPU.ActiveCfg = Debug|Any CPU
		{883F785F-56B0-4C9E-B072-ED0DB1238807}.Debug|Any CPU.Build.0 = Debug|Any CPU
		{883F785F-56B0-4C9E-B072-ED0DB1238807}.Debug|x86.ActiveCfg = Debug|x86
		{883F785F-56B0-4C9E-B072-ED0DB1238807}.Debug|x86.Build.0 = Debug|x86
		{883F785F-56B0-4C9E-B072-ED0DB1238807}.Release|Any CPU.ActiveCfg = Release|Any CPU
		{883F785F-56B0-4C9E-B072-ED0DB1238807}.Release|Any CPU.Build.0 = Release|Any CPU
		{883F785F-56B0-4C9E-B072-ED0DB1238807}.Release|x86.ActiveCfg = Release|x86
		{883F785F-56B0-4C9E-B072-ED0DB1238807}.Release|x86.Build.0 = Release|x86
		{993CBA6F-3776-437A-A837-36069AF26825}.Debug|Any CPU.ActiveCfg = Debug|Any CPU
		{993CBA6F-3776-437A-A837-36069AF26825}.Debug|Any CPU.Build.0 = Debug|Any CPU
		{993CBA6F-3776-437A-A837-36069AF26825}.Debug|x86.ActiveCfg = Debug|x86
		{993CBA6F-3776-437A-A837-36069AF26825}.Debug|x86.Build.0 = Debug|x86
		{993CBA6F-3776-437A-A837-36069AF26825}.Release|Any CPU.ActiveCfg = Release|Any CPU
		{993CBA6F-3776-437A-A837-36069AF26825}.Release|Any CPU.Build.0 = Release|Any CPU
		{993CBA6F-3776-437A-A837-36069AF26825}.Release|x86.ActiveCfg = Release|x86
		{993CBA6F-3776-437A-A837-36069AF26825}.Release|x86.Build.0 = Release|x86
		{45109AF9-E2A5-46DE-8A7F-35834F74054F}.Debug|Any CPU.ActiveCfg = Debug|Any CPU
		{45109AF9-E2A5-46DE-8A7F-35834F74054F}.Debug|Any CPU.Build.0 = Debug|Any CPU
		{45109AF9-E2A5-46DE-8A7F-35834F74054F}.Debug|x86.ActiveCfg = Debug|x86
		{45109AF9-E2A5-46DE-8A7F-35834F74054F}.Debug|x86.Build.0 = Debug|x86
		{45109AF9-E2A5-46DE-8A7F-35834F74054F}.Release|Any CPU.ActiveCfg = Release|Any CPU
		{45109AF9-E2A5-46DE-8A7F-35834F74054F}.Release|Any CPU.Build.0 = Release|Any CPU
		{45109AF9-E2A5-46DE-8A7F-35834F74054F}.Release|x86.ActiveCfg = Release|x86
		{45109AF9-E2A5-46DE-8A7F-35834F74054F}.Release|x86.Build.0 = Release|x86
		{ED81290B-B424-4A06-9589-A45F43C36A59}.Debug|Any CPU.ActiveCfg = Debug|Any CPU
		{ED81290B-B424-4A06-9589-A45F43C36A59}.Debug|Any CPU.Build.0 = Debug|Any CPU
		{ED81290B-B424-4A06-9589-A45F43C36A59}.Debug|x86.ActiveCfg = Debug|x86
		{ED81290B-B424-4A06-9589-A45F43C36A59}.Debug|x86.Build.0 = Debug|x86
		{ED81290B-B424-4A06-9589-A45F43C36A59}.Release|Any CPU.ActiveCfg = Release|Any CPU
		{ED81290B-B424-4A06-9589-A45F43C36A59}.Release|Any CPU.Build.0 = Release|Any CPU
		{ED81290B-B424-4A06-9589-A45F43C36A59}.Release|x86.ActiveCfg = Release|x86
		{ED81290B-B424-4A06-9589-A45F43C36A59}.Release|x86.Build.0 = Release|x86
		{BFEE672B-4E1C-41AF-BC03-C2D02EAD9AAA}.Debug|Any CPU.ActiveCfg = Debug|Any CPU
		{BFEE672B-4E1C-41AF-BC03-C2D02EAD9AAA}.Debug|Any CPU.Build.0 = Debug|Any CPU
		{BFEE672B-4E1C-41AF-BC03-C2D02EAD9AAA}.Debug|x86.ActiveCfg = Debug|Any CPU
		{BFEE672B-4E1C-41AF-BC03-C2D02EAD9AAA}.Debug|x86.Build.0 = Debug|Any CPU
		{BFEE672B-4E1C-41AF-BC03-C2D02EAD9AAA}.Release|Any CPU.ActiveCfg = Release|Any CPU
		{BFEE672B-4E1C-41AF-BC03-C2D02EAD9AAA}.Release|Any CPU.Build.0 = Release|Any CPU
		{BFEE672B-4E1C-41AF-BC03-C2D02EAD9AAA}.Release|x86.ActiveCfg = Release|Any CPU
		{BFEE672B-4E1C-41AF-BC03-C2D02EAD9AAA}.Release|x86.Build.0 = Release|Any CPU
		{E9A6D88A-420F-45D4-A765-C559EB3D6130}.Debug|Any CPU.ActiveCfg = Debug|Any CPU
		{E9A6D88A-420F-45D4-A765-C559EB3D6130}.Debug|Any CPU.Build.0 = Debug|Any CPU
		{E9A6D88A-420F-45D4-A765-C559EB3D6130}.Debug|x86.ActiveCfg = Debug|Any CPU
		{E9A6D88A-420F-45D4-A765-C559EB3D6130}.Debug|x86.Build.0 = Debug|Any CPU
		{E9A6D88A-420F-45D4-A765-C559EB3D6130}.Release|Any CPU.ActiveCfg = Release|Any CPU
		{E9A6D88A-420F-45D4-A765-C559EB3D6130}.Release|Any CPU.Build.0 = Release|Any CPU
		{E9A6D88A-420F-45D4-A765-C559EB3D6130}.Release|x86.ActiveCfg = Release|Any CPU
		{E9A6D88A-420F-45D4-A765-C559EB3D6130}.Release|x86.Build.0 = Release|Any CPU
		{6993A9E0-7FCB-4D22-8F6C-DB5075035231}.Debug|Any CPU.ActiveCfg = Debug|Any CPU
		{6993A9E0-7FCB-4D22-8F6C-DB5075035231}.Debug|Any CPU.Build.0 = Debug|Any CPU
		{6993A9E0-7FCB-4D22-8F6C-DB5075035231}.Debug|x86.ActiveCfg = Debug|Any CPU
		{6993A9E0-7FCB-4D22-8F6C-DB5075035231}.Debug|x86.Build.0 = Debug|Any CPU
		{6993A9E0-7FCB-4D22-8F6C-DB5075035231}.Release|Any CPU.ActiveCfg = Release|Any CPU
		{6993A9E0-7FCB-4D22-8F6C-DB5075035231}.Release|Any CPU.Build.0 = Release|Any CPU
		{6993A9E0-7FCB-4D22-8F6C-DB5075035231}.Release|x86.ActiveCfg = Release|Any CPU
		{6993A9E0-7FCB-4D22-8F6C-DB5075035231}.Release|x86.Build.0 = Release|Any CPU
		{4B67AE23-8F44-4C56-A063-36A869EE5D1C}.Debug|Any CPU.ActiveCfg = Debug|Any CPU
		{4B67AE23-8F44-4C56-A063-36A869EE5D1C}.Debug|Any CPU.Build.0 = Debug|Any CPU
		{4B67AE23-8F44-4C56-A063-36A869EE5D1C}.Debug|x86.ActiveCfg = Debug|Any CPU
		{4B67AE23-8F44-4C56-A063-36A869EE5D1C}.Debug|x86.Build.0 = Debug|Any CPU
		{4B67AE23-8F44-4C56-A063-36A869EE5D1C}.Release|Any CPU.ActiveCfg = Release|Any CPU
		{4B67AE23-8F44-4C56-A063-36A869EE5D1C}.Release|Any CPU.Build.0 = Release|Any CPU
		{4B67AE23-8F44-4C56-A063-36A869EE5D1C}.Release|x86.ActiveCfg = Release|Any CPU
		{4B67AE23-8F44-4C56-A063-36A869EE5D1C}.Release|x86.Build.0 = Release|Any CPU
		{E296328D-C50C-460F-A4B6-03FBADDA34D7}.Debug|Any CPU.ActiveCfg = Debug|Any CPU
		{E296328D-C50C-460F-A4B6-03FBADDA34D7}.Debug|Any CPU.Build.0 = Debug|Any CPU
		{E296328D-C50C-460F-A4B6-03FBADDA34D7}.Debug|x86.ActiveCfg = Debug|Any CPU
		{E296328D-C50C-460F-A4B6-03FBADDA34D7}.Debug|x86.Build.0 = Debug|Any CPU
		{E296328D-C50C-460F-A4B6-03FBADDA34D7}.Release|Any CPU.ActiveCfg = Release|Any CPU
		{E296328D-C50C-460F-A4B6-03FBADDA34D7}.Release|Any CPU.Build.0 = Release|Any CPU
		{E296328D-C50C-460F-A4B6-03FBADDA34D7}.Release|x86.ActiveCfg = Release|Any CPU
		{E296328D-C50C-460F-A4B6-03FBADDA34D7}.Release|x86.Build.0 = Release|Any CPU
		{61FE1A48-0B98-4411-A591-B3141414706F}.Debug|Any CPU.ActiveCfg = Debug|Any CPU
		{61FE1A48-0B98-4411-A591-B3141414706F}.Debug|Any CPU.Build.0 = Debug|Any CPU
		{61FE1A48-0B98-4411-A591-B3141414706F}.Debug|x86.ActiveCfg = Debug|Any CPU
		{61FE1A48-0B98-4411-A591-B3141414706F}.Debug|x86.Build.0 = Debug|Any CPU
		{61FE1A48-0B98-4411-A591-B3141414706F}.Release|Any CPU.ActiveCfg = Release|Any CPU
		{61FE1A48-0B98-4411-A591-B3141414706F}.Release|Any CPU.Build.0 = Release|Any CPU
		{61FE1A48-0B98-4411-A591-B3141414706F}.Release|x86.ActiveCfg = Release|Any CPU
		{61FE1A48-0B98-4411-A591-B3141414706F}.Release|x86.Build.0 = Release|Any CPU
		{1533F6F2-B7F6-486B-B29E-1C5DDA7E0E3A}.Debug|Any CPU.ActiveCfg = Debug|Any CPU
		{1533F6F2-B7F6-486B-B29E-1C5DDA7E0E3A}.Debug|Any CPU.Build.0 = Debug|Any CPU
		{1533F6F2-B7F6-486B-B29E-1C5DDA7E0E3A}.Debug|x86.ActiveCfg = Debug|Any CPU
		{1533F6F2-B7F6-486B-B29E-1C5DDA7E0E3A}.Debug|x86.Build.0 = Debug|Any CPU
		{1533F6F2-B7F6-486B-B29E-1C5DDA7E0E3A}.Release|Any CPU.ActiveCfg = Release|Any CPU
		{1533F6F2-B7F6-486B-B29E-1C5DDA7E0E3A}.Release|Any CPU.Build.0 = Release|Any CPU
		{1533F6F2-B7F6-486B-B29E-1C5DDA7E0E3A}.Release|x86.ActiveCfg = Release|Any CPU
		{1533F6F2-B7F6-486B-B29E-1C5DDA7E0E3A}.Release|x86.Build.0 = Release|Any CPU
		{B0C58C0E-F5C9-4C9A-8709-1DC7E893FDCE}.Debug|Any CPU.ActiveCfg = Debug|Any CPU
		{B0C58C0E-F5C9-4C9A-8709-1DC7E893FDCE}.Debug|Any CPU.Build.0 = Debug|Any CPU
		{B0C58C0E-F5C9-4C9A-8709-1DC7E893FDCE}.Debug|x86.ActiveCfg = Debug|Any CPU
		{B0C58C0E-F5C9-4C9A-8709-1DC7E893FDCE}.Debug|x86.Build.0 = Debug|Any CPU
		{B0C58C0E-F5C9-4C9A-8709-1DC7E893FDCE}.Release|Any CPU.ActiveCfg = Release|Any CPU
		{B0C58C0E-F5C9-4C9A-8709-1DC7E893FDCE}.Release|Any CPU.Build.0 = Release|Any CPU
		{B0C58C0E-F5C9-4C9A-8709-1DC7E893FDCE}.Release|x86.ActiveCfg = Release|Any CPU
		{B0C58C0E-F5C9-4C9A-8709-1DC7E893FDCE}.Release|x86.Build.0 = Release|Any CPU
	EndGlobalSection
	GlobalSection(SolutionProperties) = preSolution
		HideSolutionNode = FALSE
	EndGlobalSection
	GlobalSection(NestedProjects) = preSolution
		{7CD7AFA2-7B7C-4A21-B2F4-1586DA22022B} = {D45B553D-51F6-494F-BE7F-1CDA2717EF2F}
		{18E2DE53-F7E3-4DA9-AEB8-E1EC919D4B9B} = {D45B553D-51F6-494F-BE7F-1CDA2717EF2F}
		{79123BF7-A7B6-4FF6-88BE-A7810D4FC11C} = {D45B553D-51F6-494F-BE7F-1CDA2717EF2F}
		{EE295AF7-3238-4F98-B5FC-9F16C02391E8} = {D45B553D-51F6-494F-BE7F-1CDA2717EF2F}
		{0DC2A135-5CBD-4912-8305-D2898CF70E85} = {D45B553D-51F6-494F-BE7F-1CDA2717EF2F}
		{B22DFB8E-EF80-4076-8655-16584B4372BA} = {E5DBFBDA-532A-4868-A187-FB073AF58620}
		{237E2B58-7518-4F16-9321-E2D6F1391FA2} = {E5DBFBDA-532A-4868-A187-FB073AF58620}
		{C9E9FBB9-89AD-43E4-8CAE-8CC683C07123} = {E5DBFBDA-532A-4868-A187-FB073AF58620}
		{C1C006F8-7866-44B5-9513-12CABB4912BF} = {E5DBFBDA-532A-4868-A187-FB073AF58620}
		{00666EA3-C845-4A03-BEA8-2C8EC67A317E} = {C1A93667-9AF1-47F9-BC22-11A3EF539BBF}
		{883F785F-56B0-4C9E-B072-ED0DB1238807} = {C1A93667-9AF1-47F9-BC22-11A3EF539BBF}
		{993CBA6F-3776-437A-A837-36069AF26825} = {C1A93667-9AF1-47F9-BC22-11A3EF539BBF}
		{45109AF9-E2A5-46DE-8A7F-35834F74054F} = {C1A93667-9AF1-47F9-BC22-11A3EF539BBF}
		{ED81290B-B424-4A06-9589-A45F43C36A59} = {D45B553D-51F6-494F-BE7F-1CDA2717EF2F}
		{E9A6D88A-420F-45D4-A765-C559EB3D6130} = {6947894D-962C-4521-898D-28B5D89A81EA}
		{6993A9E0-7FCB-4D22-8F6C-DB5075035231} = {6947894D-962C-4521-898D-28B5D89A81EA}
		{4B67AE23-8F44-4C56-A063-36A869EE5D1C} = {6947894D-962C-4521-898D-28B5D89A81EA}
		{E296328D-C50C-460F-A4B6-03FBADDA34D7} = {34A7403B-1453-4F6F-A16D-FB238701400F}
		{61FE1A48-0B98-4411-A591-B3141414706F} = {34A7403B-1453-4F6F-A16D-FB238701400F}
		{1533F6F2-B7F6-486B-B29E-1C5DDA7E0E3A} = {34A7403B-1453-4F6F-A16D-FB238701400F}
	EndGlobalSection
	GlobalSection(ExtensibilityGlobals) = postSolution
		SolutionGuid = {40463BE8-C08F-4A75-A1A0-09C8428CCBED}
	EndGlobalSection
EndGlobal
